PODS:
  - Flutter (1.0.0)
  - tiktok_login_flutter (0.0.1):
    - Flutter
    - TikTokOpenSDK (~> 5.0.14)
  - TikTokOpenSDK (5.0.14)

DEPENDENCIES:
  - Flutter (from `Flutter`)
  - tiktok_login_flutter (from `.symlinks/plugins/tiktok_login_flutter/ios`)

SPEC REPOS:
  trunk:
    - TikTokOpenSDK

EXTERNAL SOURCES:
  Flutter:
    :path: Flutter
  tiktok_login_flutter:
    :path: ".symlinks/plugins/tiktok_login_flutter/ios"

SPEC CHECKSUMS:
  Flutter: 50d75fe2f02b26cc09d224853bb45737f8b3214a
  tiktok_login_flutter: 299882eb0bb33ba9bd3a3c1c71d1655d420f616b
  TikTokOpenSDK: 28f5244497b87cbaebb36d7ad468374ad2c2e8e2

PODFILE CHECKSUM: 7368163408c647b7eb699d0d788ba6718e18fb8d

COCOAPODS: 1.11.3
