PODS:
  - Flutter (1.0.0)
  - tiktok_login_flutter (0.0.1):
    - Flutter

DEPENDENCIES:
  - Flutter (from `Flutter`)
  - tiktok_login_flutter (from `.symlinks/plugins/tiktok_login_flutter/ios`)

EXTERNAL SOURCES:
  Flutter:
    :path: Flutter
  tiktok_login_flutter:
    :path: ".symlinks/plugins/tiktok_login_flutter/ios"

SPEC CHECKSUMS:
  Flutter: 50d75fe2f02b26cc09d224853bb45737f8b3214a
  tiktok_login_flutter: ac9325018ae3b5faac5b8565e6c00bc3909da844

PODFILE CHECKSUM: aafe91acc616949ddb318b77800a7f51bffa2a4c

COCOAPODS: 1.11.2
