PODS:
  - Flutter (1.0.0)
  - tiktok_login_flutter (0.0.1):
    - Flutter
    - TikTokOpenSDK (~> 5.0.14)
  - TikTokOpenSDK (5.0.14)

DEPENDENCIES:
  - Flutter (from `Flutter`)
  - tiktok_login_flutter (from `.symlinks/plugins/tiktok_login_flutter/ios`)

SPEC REPOS:
  trunk:
    - TikTokOpenSDK

EXTERNAL SOURCES:
  Flutter:
    :path: Flutter
  tiktok_login_flutter:
    :path: ".symlinks/plugins/tiktok_login_flutter/ios"

SPEC CHECKSUMS:
  Flutter: f04841e97a9d0b0a8025694d0796dd46242b2854
  tiktok_login_flutter: 574c799f943c7ba0a8f1d865ebcefec3208ad6dc
  TikTokOpenSDK: 28f5244497b87cbaebb36d7ad468374ad2c2e8e2

PODFILE CHECKSUM: 7368163408c647b7eb699d0d788ba6718e18fb8d

COCOAPODS: 1.12.0
